Microsoft Visual Studio Solution File, Format Version 11.00
# Visual Studio 2008

Project("{FBCB7593-4D64-6329-CE2F-9DF85CF81CBB}") = "EXORCISM", "Assembly-CSharp-vs.csproj", "{585472D6-7D40-A06C-1834-9D2F59BA4B71}"
EndProject
Project("{FBCB7593-4D64-6329-CE2F-9DF85CF81CBB}") = "EXORCISM", "Assembly-CSharp-Editor-vs.csproj", "{C603E11B-23EE-1C99-0363-CDC58410F7B3}"
EndProject
Global
	GlobalSection(SolutionConfigurationPlatforms) = preSolution
		Debug|Any CPU = Debug|Any CPU
		Release|Any CPU = Release|Any CPU
	EndGlobalSection
	GlobalSection(ProjectConfigurationPlatforms) = postSolution
		{585472D6-7D40-A06C-1834-9D2F59BA4B71}.Debug|Any CPU.ActiveCfg = Debug|Any CPU
		{585472D6-7D40-A06C-1834-9D2F59BA4B71}.Debug|Any CPU.Build.0 = Debug|Any CPU
		{585472D6-7D40-A06C-1834-9D2F59BA4B71}.Release|Any CPU.ActiveCfg = Release|Any CPU
		{585472D6-7D40-A06C-1834-9D2F59BA4B71}.Release|Any CPU.Build.0 = Release|Any CPU
		{C603E11B-23EE-1C99-0363-CDC58410F7B3}.Debug|Any CPU.ActiveCfg = Debug|Any CPU
		{C603E11B-23EE-1C99-0363-CDC58410F7B3}.Debug|Any CPU.Build.0 = Debug|Any CPU
		{C603E11B-23EE-1C99-0363-CDC58410F7B3}.Release|Any CPU.ActiveCfg = Release|Any CPU
		{C603E11B-23EE-1C99-0363-CDC58410F7B3}.Release|Any CPU.Build.0 = Release|Any CPU
	EndGlobalSection
	GlobalSection(SolutionProperties) = preSolution
		HideSolutionNode = FALSE
	EndGlobalSection
							GlobalSection(MonoDevelopProperties) = preSolution
		StartupItem = Assembly-CSharp.csproj
		Policies = $0
		$0.TextStylePolicy = $1
		$1.inheritsSet = null
		$1.scope = text/x-csharp
		$0.CSharpFormattingPolicy = $2
		$2.inheritsSet = Mono
		$2.inheritsScope = text/x-csharp
		$2.scope = text/x-csharp
		$0.TextStylePolicy = $3
		$3.FileWidth = 120
		$3.TabWidth = 4
		$3.IndentWidth = 4
		$3.EolMarker = Unix
		$3.inheritsSet = Mono
		$3.inheritsScope = text/plain
		$3.scope = text/plain
	EndGlobalSection

EndGlobal
